
Microsoft Visual Studio Solution File, Format Version 12.00
# Visual Studio 15
VisualStudioVersion = 15.0.28307.1231
MinimumVisualStudioVersion = 10.0.40219.1
Project("{8BC9CEB8-8B4A-11D0-8D11-00A0C91BC942}") = "FoodOrderingKiosk", "FoodOrderingKiosk\FoodOrderingKiosk.vcxproj", "{D5400877-F930-4352-B516-9B79800DDFB2}"
EndProject
Global
	GlobalSection(SolutionConfigurationPlatforms) = preSolution
		Debug|x64 = Debug|x64
		Debug|x86 = Debug|x86
		Release|x64 = Release|x64
		Release|x86 = Release|x86
	EndGlobalSection
	GlobalSection(ProjectConfigurationPlatforms) = postSolution
		{D5400877-F930-4352-B516-9B79800DDFB2}.Debug|x64.ActiveCfg = Debug|x64
		{D5400877-F930-4352-B516-9B79800DDFB2}.Debug|x64.Build.0 = Debug|x64
		{D5400877-F930-4352-B516-9B79800DDFB2}.Debug|x86.ActiveCfg = Debug|Win32
		{D5400877-F930-4352-B516-9B79800DDFB2}.Debug|x86.Build.0 = Debug|Win32
		{D5400877-F930-4352-B516-9B79800DDFB2}.Release|x64.ActiveCfg = Release|x64
		{D5400877-F930-4352-B516-9B79800DDFB2}.Release|x64.Build.0 = Release|x64
		{D5400877-F930-4352-B516-9B79800DDFB2}.Release|x86.ActiveCfg = Release|Win32
		{D5400877-F930-4352-B516-9B79800DDFB2}.Release|x86.Build.0 = Release|Win32
	EndGlobalSection
	GlobalSection(SolutionProperties) = preSolution
		HideSolutionNode = FALSE
	EndGlobalSection
	GlobalSection(ExtensibilityGlobals) = postSolution
		SolutionGuid = {C714ADB1-9006-4E89-AA61-EB2F9B378095}
	EndGlobalSection
EndGlobal
